
Microsoft Visual Studio Solution File, Format Version 12.00
# Visual Studio Version 17
VisualStudioVersion = 17.14.36327.8 d17.14
MinimumVisualStudioVersion = 10.0.40219.1
Project("{FAE04EC0-301F-11D3-BF4B-00C04F79EFBC}") = "student_DB", "student_DB.csproj", "{C04B2E4E-E833-4A72-922E-C62901DD1C22}"
EndProject
Global
	GlobalSection(SolutionConfigurationPlatforms) = preSolution
		Debug|Any CPU = Debug|Any CPU
		Release|Any CPU = Release|Any CPU
	EndGlobalSection
	GlobalSection(ProjectConfigurationPlatforms) = postSolution
		{C04B2E4E-E833-4A72-922E-C62901DD1C22}.Debug|Any CPU.ActiveCfg = Debug|Any CPU
		{C04B2E4E-E833-4A72-922E-C62901DD1C22}.Debug|Any CPU.Build.0 = Debug|Any CPU
		{C04B2E4E-E833-4A72-922E-C62901DD1C22}.Release|Any CPU.ActiveCfg = Release|Any CPU
		{C04B2E4E-E833-4A72-922E-C62901DD1C22}.Release|Any CPU.Build.0 = Release|Any CPU
	EndGlobalSection
	GlobalSection(SolutionProperties) = preSolution
		HideSolutionNode = FALSE
	EndGlobalSection
	GlobalSection(ExtensibilityGlobals) = postSolution
		SolutionGuid = {F348EF18-077F-4EF1-B1D8-0472A94E6230}
	EndGlobalSection
EndGlobal
