
Microsoft Visual Studio Solution File, Format Version 12.00
# Visual Studio Version 17
VisualStudioVersion = 17.14.36327.8 d17.14
MinimumVisualStudioVersion = 10.0.40219.1
Project("{FAE04EC0-301F-11D3-BF4B-00C04F79EFBC}") = "ABC_Dashboard", "ABC_Dashboard.csproj", "{B179AAF7-8768-46FF-86A0-3EECC88549BA}"
EndProject
Global
	GlobalSection(SolutionConfigurationPlatforms) = preSolution
		Debug|Any CPU = Debug|Any CPU
		Release|Any CPU = Release|Any CPU
	EndGlobalSection
	GlobalSection(ProjectConfigurationPlatforms) = postSolution
		{B179AAF7-8768-46FF-86A0-3EECC88549BA}.Debug|Any CPU.ActiveCfg = Debug|Any CPU
		{B179AAF7-8768-46FF-86A0-3EECC88549BA}.Debug|Any CPU.Build.0 = Debug|Any CPU
		{B179AAF7-8768-46FF-86A0-3EECC88549BA}.Release|Any CPU.ActiveCfg = Release|Any CPU
		{B179AAF7-8768-46FF-86A0-3EECC88549BA}.Release|Any CPU.Build.0 = Release|Any CPU
	EndGlobalSection
	GlobalSection(SolutionProperties) = preSolution
		HideSolutionNode = FALSE
	EndGlobalSection
	GlobalSection(ExtensibilityGlobals) = postSolution
		SolutionGuid = {0CA0B6EF-FBB3-45B8-B73F-F486211F7558}
	EndGlobalSection
EndGlobal
